// !$*UTF8*$!
{
	archiveVersion = 1;
	classes = {
	};
	objectVersion = 50;
	objects = {

/* Begin PBXBuildFile section */
		230215F625DE8AF3003E7C5C /* amfid.c in Sources */ = {isa = PBXBuildFile; fileRef = 230215F525DE8AF3003E7C5C /* amfid.c */; };
		230215FB25DE8E8F003E7C5C /* rootfs.mm in Sources */ = {isa = PBXBuildFile; fileRef = 230215FA25DE8E8F003E7C5C /* rootfs.mm */; };
		2302160425DE93B5003E7C5C /* libsnappy.c in Sources */ = {isa = PBXBuildFile; fileRef = 2302160225DE93B5003E7C5C /* libsnappy.c */; };
		2302161725DE97E7003E7C5C /* IOKit.framework in Frameworks */ = {isa = PBXBuildFile; fileRef = 2302160625DE93D6003E7C5C /* IOKit.framework */; };
		2302161B25DEA254003E7C5C /* utils.mm in Sources */ = {isa = PBXBuildFile; fileRef = 2302161A25DEA254003E7C5C /* utils.mm */; };
		2302162E25DEA566003E7C5C /* kernel_utils.mm in Sources */ = {isa = PBXBuildFile; fileRef = 2302162D25DEA566003E7C5C /* kernel_utils.mm */; };
		23652AFD25E7ABE4004D7F7E /* iosurface.c in Sources */ = {isa = PBXBuildFile; fileRef = 23652AFC25E7ABE3004D7F7E /* iosurface.c */; };
		23652B0225E7AC37004D7F7E /* utils.c in Sources */ = {isa = PBXBuildFile; fileRef = 23652B0125E7AC37004D7F7E /* utils.c */; };
		23652B0925E7ACEB004D7F7E /* sys_darwin.c in Sources */ = {isa = PBXBuildFile; fileRef = 23652B0825E7ACEB004D7F7E /* sys_darwin.c */; };
		23652B0D25E7AD96004D7F7E /* kapi_mem.c in Sources */ = {isa = PBXBuildFile; fileRef = 23652B0C25E7AD96004D7F7E /* kapi_mem.c */; };
		23652B1425E7ADA9004D7F7E /* k_offsets.c in Sources */ = {isa = PBXBuildFile; fileRef = 23652B1125E7ADA9004D7F7E /* k_offsets.c */; };
		23652B1525E7ADA9004D7F7E /* k_utils.c in Sources */ = {isa = PBXBuildFile; fileRef = 23652B1225E7ADA9004D7F7E /* k_utils.c */; };
		23652B1A25E7AFEA004D7F7E /* exploit_main.c in Sources */ = {isa = PBXBuildFile; fileRef = 23652B1925E7AFEA004D7F7E /* exploit_main.c */; };
		23652B1E25E7B04F004D7F7E /* user_kernel_alloc.c in Sources */ = {isa = PBXBuildFile; fileRef = 23652B1D25E7B04F004D7F7E /* user_kernel_alloc.c */; };
		23B644ED26526CD700531BCC /* SystemConfiguration.framework in Frameworks */ = {isa = PBXBuildFile; fileRef = 23B644EC26526CD700531BCC /* SystemConfiguration.framework */; };
		23C704F625DB2EE80078DC37 /* AppDelegate.m in Sources */ = {isa = PBXBuildFile; fileRef = 23C704F525DB2EE80078DC37 /* AppDelegate.m */; };
		23C704FC25DB2EE80078DC37 /* ViewController.m in Sources */ = {isa = PBXBuildFile; fileRef = 23C704FB25DB2EE80078DC37 /* ViewController.m */; };
		23C704FF25DB2EE80078DC37 /* Main.storyboard in Resources */ = {isa = PBXBuildFile; fileRef = 23C704FD25DB2EE80078DC37 /* Main.storyboard */; };
		23C7050225DB2EE80078DC37 /* reton.xcdatamodeld in Sources */ = {isa = PBXBuildFile; fileRef = 23C7050025DB2EE80078DC37 /* reton.xcdatamodeld */; };
		23C7050425DB2EE90078DC37 /* Assets.xcassets in Resources */ = {isa = PBXBuildFile; fileRef = 23C7050325DB2EE90078DC37 /* Assets.xcassets */; };
		23C7050725DB2EE90078DC37 /* LaunchScreen.storyboard in Resources */ = {isa = PBXBuildFile; fileRef = 23C7050525DB2EE90078DC37 /* LaunchScreen.storyboard */; };
		23C7050A25DB2EE90078DC37 /* main.m in Sources */ = {isa = PBXBuildFile; fileRef = 23C7050925DB2EE90078DC37 /* main.m */; };
		23C7053F25DB2F220078DC37 /* cicuta_log.c in Sources */ = {isa = PBXBuildFile; fileRef = 23C7053225DB2F210078DC37 /* cicuta_log.c */; };
		23C7054025DB2F220078DC37 /* cicuta_virosa.c in Sources */ = {isa = PBXBuildFile; fileRef = 23C7053325DB2F210078DC37 /* cicuta_virosa.c */; };
		23C7054125DB2F220078DC37 /* exploit_utilities.c in Sources */ = {isa = PBXBuildFile; fileRef = 23C7053525DB2F210078DC37 /* exploit_utilities.c */; };
		23C7054225DB2F220078DC37 /* voucher_utils.c in Sources */ = {isa = PBXBuildFile; fileRef = 23C7053925DB2F210078DC37 /* voucher_utils.c */; };
		23C7054325DB2F220078DC37 /* fake_element_spray.c in Sources */ = {isa = PBXBuildFile; fileRef = 23C7053B25DB2F220078DC37 /* fake_element_spray.c */; };
		23C7054425DB2F220078DC37 /* descriptors_utils.c in Sources */ = {isa = PBXBuildFile; fileRef = 23C7053C25DB2F220078DC37 /* descriptors_utils.c */; };
		23C7054525DB2F220078DC37 /* README.md in Resources */ = {isa = PBXBuildFile; fileRef = 23C7053D25DB2F220078DC37 /* README.md */; };
		23C7054625DB2F220078DC37 /* LICENSE in Resources */ = {isa = PBXBuildFile; fileRef = 23C7053E25DB2F220078DC37 /* LICENSE */; };
		23C7054E25DB2F790078DC37 /* jailbreak.mm in Sources */ = {isa = PBXBuildFile; fileRef = 23C7054D25DB2F790078DC37 /* jailbreak.mm */; };
		847FD25A25F5911C007ED933 /* offset_finder.mm in Sources */ = {isa = PBXBuildFile; fileRef = 847FD25925F5911C007ED933 /* offset_finder.mm */; };
		848C426825F461DB00842110 /* log.mm in Sources */ = {isa = PBXBuildFile; fileRef = 848C426725F461DB00842110 /* log.mm */; };
		848C427825F47DC800842110 /* plistutils.mm in Sources */ = {isa = PBXBuildFile; fileRef = 848C427725F47DC800842110 /* plistutils.mm */; };
		848C427B25F47FF700842110 /* util.mm in Sources */ = {isa = PBXBuildFile; fileRef = 848C427A25F47FF700842110 /* util.mm */; };
/* End PBXBuildFile section */

/* Begin PBXFileReference section */
		230215F525DE8AF3003E7C5C /* amfid.c */ = {isa = PBXFileReference; lastKnownFileType = sourcecode.c.c; path = amfid.c; sourceTree = "<group>"; };
		230215F825DE8B02003E7C5C /* amfid.h */ = {isa = PBXFileReference; lastKnownFileType = sourcecode.c.h; path = amfid.h; sourceTree = "<group>"; };
		230215FA25DE8E8F003E7C5C /* rootfs.mm */ = {isa = PBXFileReference; lastKnownFileType = sourcecode.cpp.objcpp; path = rootfs.mm; sourceTree = "<group>"; };
		230215FD25DE8E97003E7C5C /* rootfs.h */ = {isa = PBXFileReference; lastKnownFileType = sourcecode.c.h; path = rootfs.h; sourceTree = "<group>"; };
		2302160125DE93B5003E7C5C /* snappy.h */ = {isa = PBXFileReference; fileEncoding = 4; lastKnownFileType = sourcecode.c.h; path = snappy.h; sourceTree = "<group>"; };
		2302160225DE93B5003E7C5C /* libsnappy.c */ = {isa = PBXFileReference; fileEncoding = 4; lastKnownFileType = sourcecode.c.c; path = libsnappy.c; sourceTree = "<group>"; };
		2302160625DE93D6003E7C5C /* IOKit.framework */ = {isa = PBXFileReference; lastKnownFileType = wrapper.framework; name = IOKit.framework; path = Platforms/iPhoneOS.platform/Developer/SDKs/iPhoneOS.sdk/System/Library/Frameworks/IOKit.framework; sourceTree = DEVELOPER_DIR; };
		2302160C25DE965B003E7C5C /* IOKit.framework */ = {isa = PBXFileReference; lastKnownFileType = wrapper.framework; name = IOKit.framework; path = ../../../../System/Library/Frameworks/IOKit.framework; sourceTree = "<group>"; };
		2302161125DE9791003E7C5C /* IOReturn.h */ = {isa = PBXFileReference; lastKnownFileType = sourcecode.c.h; path = IOReturn.h; sourceTree = "<group>"; };
		2302161225DE9791003E7C5C /* IOTypes.h */ = {isa = PBXFileReference; lastKnownFileType = sourcecode.c.h; path = IOTypes.h; sourceTree = "<group>"; };
		2302161325DE9791003E7C5C /* IOKitLib.h */ = {isa = PBXFileReference; lastKnownFileType = sourcecode.c.h; path = IOKitLib.h; sourceTree = "<group>"; };
		2302161525DE97B8003E7C5C /* IOKit.h */ = {isa = PBXFileReference; lastKnownFileType = sourcecode.c.h; path = IOKit.h; sourceTree = "<group>"; };
		2302161A25DEA254003E7C5C /* utils.mm */ = {isa = PBXFileReference; lastKnownFileType = sourcecode.cpp.objcpp; path = utils.mm; sourceTree = "<group>"; };
		2302161D25DEA25E003E7C5C /* utils.h */ = {isa = PBXFileReference; lastKnownFileType = sourcecode.c.h; path = utils.h; sourceTree = "<group>"; };
		2302162125DEA2D2003E7C5C /* kern_control.h */ = {isa = PBXFileReference; lastKnownFileType = sourcecode.c.h; path = kern_control.h; sourceTree = "<group>"; };
		2302162225DEA2D2003E7C5C /* proc_info.h */ = {isa = PBXFileReference; lastKnownFileType = sourcecode.c.h; path = proc_info.h; sourceTree = "<group>"; };
		2302162725DEA352003E7C5C /* route.h */ = {isa = PBXFileReference; lastKnownFileType = sourcecode.c.h; path = route.h; sourceTree = "<group>"; };
		2302162A25DEA365003E7C5C /* libproc.h */ = {isa = PBXFileReference; lastKnownFileType = sourcecode.c.h; path = libproc.h; sourceTree = "<group>"; };
		2302162D25DEA566003E7C5C /* kernel_utils.mm */ = {isa = PBXFileReference; lastKnownFileType = sourcecode.cpp.objcpp; path = kernel_utils.mm; sourceTree = "<group>"; };
		2302163025DEA571003E7C5C /* kernel_utils.h */ = {isa = PBXFileReference; lastKnownFileType = sourcecode.c.h; path = kernel_utils.h; sourceTree = "<group>"; };
		23467B3525F916220083FCAE /* mach_vm.h */ = {isa = PBXFileReference; lastKnownFileType = sourcecode.c.h; name = mach_vm.h; path = manticore/include/xnu/mach_vm.h; sourceTree = SOURCE_ROOT; };
		23652AFC25E7ABE3004D7F7E /* iosurface.c */ = {isa = PBXFileReference; fileEncoding = 4; lastKnownFileType = sourcecode.c.c; path = iosurface.c; sourceTree = "<group>"; };
		23652AFF25E7AC30004D7F7E /* tq_common_p.h */ = {isa = PBXFileReference; lastKnownFileType = sourcecode.c.h; path = tq_common_p.h; sourceTree = "<group>"; };
		23652B0125E7AC37004D7F7E /* utils.c */ = {isa = PBXFileReference; fileEncoding = 4; lastKnownFileType = sourcecode.c.c; path = utils.c; sourceTree = "<group>"; };
		23652B0425E7AC3B004D7F7E /* utils.h */ = {isa = PBXFileReference; lastKnownFileType = sourcecode.c.h; path = utils.h; sourceTree = "<group>"; };
		23652B0825E7ACEB004D7F7E /* sys_darwin.c */ = {isa = PBXFileReference; fileEncoding = 4; lastKnownFileType = sourcecode.c.c; path = sys_darwin.c; sourceTree = "<group>"; };
		23652B0C25E7AD96004D7F7E /* kapi_mem.c */ = {isa = PBXFileReference; fileEncoding = 4; lastKnownFileType = sourcecode.c.c; path = kapi_mem.c; sourceTree = "<group>"; };
		23652B0F25E7ADA0004D7F7E /* kapi.h */ = {isa = PBXFileReference; lastKnownFileType = sourcecode.c.h; path = kapi.h; sourceTree = "<group>"; };
		23652B1025E7ADA9004D7F7E /* k_utils.h */ = {isa = PBXFileReference; fileEncoding = 4; lastKnownFileType = sourcecode.c.h; path = k_utils.h; sourceTree = "<group>"; };
		23652B1125E7ADA9004D7F7E /* k_offsets.c */ = {isa = PBXFileReference; fileEncoding = 4; lastKnownFileType = sourcecode.c.c; path = k_offsets.c; sourceTree = "<group>"; };
		23652B1225E7ADA9004D7F7E /* k_utils.c */ = {isa = PBXFileReference; fileEncoding = 4; lastKnownFileType = sourcecode.c.c; path = k_utils.c; sourceTree = "<group>"; };
		23652B1325E7ADA9004D7F7E /* k_offsets.h */ = {isa = PBXFileReference; fileEncoding = 4; lastKnownFileType = sourcecode.c.h; path = k_offsets.h; sourceTree = "<group>"; };
		23652B1825E7AFEA004D7F7E /* exploit_main.h */ = {isa = PBXFileReference; lastKnownFileType = sourcecode.c.h; path = exploit_main.h; sourceTree = "<group>"; };
		23652B1925E7AFEA004D7F7E /* exploit_main.c */ = {isa = PBXFileReference; lastKnownFileType = sourcecode.c.c; path = exploit_main.c; sourceTree = "<group>"; };
		23652B1C25E7B04F004D7F7E /* user_kernel_alloc.h */ = {isa = PBXFileReference; fileEncoding = 4; lastKnownFileType = sourcecode.c.h; path = user_kernel_alloc.h; sourceTree = "<group>"; };
		23652B1D25E7B04F004D7F7E /* user_kernel_alloc.c */ = {isa = PBXFileReference; fileEncoding = 4; lastKnownFileType = sourcecode.c.c; path = user_kernel_alloc.c; sourceTree = "<group>"; };
		23652B2225E7B39B004D7F7E /* iosurface.h */ = {isa = PBXFileReference; lastKnownFileType = sourcecode.c.h; path = iosurface.h; sourceTree = "<group>"; };
		23B644E72652681B00531BCC /* Security.framework */ = {isa = PBXFileReference; lastKnownFileType = wrapper.framework; name = Security.framework; path = System/Library/Frameworks/Security.framework; sourceTree = SDKROOT; };
		23B644EC26526CD700531BCC /* SystemConfiguration.framework */ = {isa = PBXFileReference; lastKnownFileType = wrapper.framework; name = SystemConfiguration.framework; path = System/Library/Frameworks/SystemConfiguration.framework; sourceTree = SDKROOT; };
		23B644EE2652700300531BCC /* cs_common.h */ = {isa = PBXFileReference; lastKnownFileType = sourcecode.c.h; path = cs_common.h; sourceTree = "<group>"; };
		23BC8E6925E3BFE1006C6445 /* IOKitKeys.h */ = {isa = PBXFileReference; lastKnownFileType = sourcecode.c.h; path = IOKitKeys.h; sourceTree = "<group>"; };
		23BC8E6B25E3C00A006C6445 /* OSMessageNotification.h */ = {isa = PBXFileReference; lastKnownFileType = sourcecode.c.h; path = OSMessageNotification.h; sourceTree = "<group>"; };
		23C704F125DB2EE80078DC37 /* manticore.app */ = {isa = PBXFileReference; explicitFileType = wrapper.application; includeInIndex = 0; path = manticore.app; sourceTree = BUILT_PRODUCTS_DIR; };
		23C704F425DB2EE80078DC37 /* AppDelegate.h */ = {isa = PBXFileReference; lastKnownFileType = sourcecode.c.h; path = AppDelegate.h; sourceTree = "<group>"; };
		23C704F525DB2EE80078DC37 /* AppDelegate.m */ = {isa = PBXFileReference; lastKnownFileType = sourcecode.c.objc; path = AppDelegate.m; sourceTree = "<group>"; };
		23C704FA25DB2EE80078DC37 /* ViewController.h */ = {isa = PBXFileReference; lastKnownFileType = sourcecode.c.h; path = ViewController.h; sourceTree = "<group>"; };
		23C704FB25DB2EE80078DC37 /* ViewController.m */ = {isa = PBXFileReference; lastKnownFileType = sourcecode.c.objc; path = ViewController.m; sourceTree = "<group>"; };
		23C704FE25DB2EE80078DC37 /* Base */ = {isa = PBXFileReference; lastKnownFileType = file.storyboard; name = Base; path = Base.lproj/Main.storyboard; sourceTree = "<group>"; };
		23C7050125DB2EE80078DC37 /* reton.xcdatamodel */ = {isa = PBXFileReference; lastKnownFileType = wrapper.xcdatamodel; path = reton.xcdatamodel; sourceTree = "<group>"; };
		23C7050325DB2EE90078DC37 /* Assets.xcassets */ = {isa = PBXFileReference; lastKnownFileType = folder.assetcatalog; path = Assets.xcassets; sourceTree = "<group>"; };
		23C7050625DB2EE90078DC37 /* Base */ = {isa = PBXFileReference; lastKnownFileType = file.storyboard; name = Base; path = Base.lproj/LaunchScreen.storyboard; sourceTree = "<group>"; };
		23C7050825DB2EE90078DC37 /* Info.plist */ = {isa = PBXFileReference; lastKnownFileType = text.plist.xml; path = Info.plist; sourceTree = "<group>"; };
		23C7050925DB2EE90078DC37 /* main.m */ = {isa = PBXFileReference; lastKnownFileType = sourcecode.c.objc; path = main.m; sourceTree = "<group>"; };
		23C7053125DB2F210078DC37 /* cicuta_virosa.h */ = {isa = PBXFileReference; fileEncoding = 4; lastKnownFileType = sourcecode.c.h; path = cicuta_virosa.h; sourceTree = "<group>"; };
		23C7053225DB2F210078DC37 /* cicuta_log.c */ = {isa = PBXFileReference; fileEncoding = 4; lastKnownFileType = sourcecode.c.c; path = cicuta_log.c; sourceTree = "<group>"; };
		23C7053325DB2F210078DC37 /* cicuta_virosa.c */ = {isa = PBXFileReference; fileEncoding = 4; lastKnownFileType = sourcecode.c.c; path = cicuta_virosa.c; sourceTree = "<group>"; };
		23C7053425DB2F210078DC37 /* exploit_utilities.h */ = {isa = PBXFileReference; fileEncoding = 4; lastKnownFileType = sourcecode.c.h; path = exploit_utilities.h; sourceTree = "<group>"; };
		23C7053525DB2F210078DC37 /* exploit_utilities.c */ = {isa = PBXFileReference; fileEncoding = 4; lastKnownFileType = sourcecode.c.c; path = exploit_utilities.c; sourceTree = "<group>"; };
		23C7053625DB2F210078DC37 /* descriptors_utils.h */ = {isa = PBXFileReference; fileEncoding = 4; lastKnownFileType = sourcecode.c.h; path = descriptors_utils.h; sourceTree = "<group>"; };
		23C7053725DB2F210078DC37 /* fake_element_spray.h */ = {isa = PBXFileReference; fileEncoding = 4; lastKnownFileType = sourcecode.c.h; path = fake_element_spray.h; sourceTree = "<group>"; };
		23C7053825DB2F210078DC37 /* voucher_utils.h */ = {isa = PBXFileReference; fileEncoding = 4; lastKnownFileType = sourcecode.c.h; path = voucher_utils.h; sourceTree = "<group>"; };
		23C7053925DB2F210078DC37 /* voucher_utils.c */ = {isa = PBXFileReference; fileEncoding = 4; lastKnownFileType = sourcecode.c.c; path = voucher_utils.c; sourceTree = "<group>"; };
		23C7053A25DB2F220078DC37 /* cicuta_log.h */ = {isa = PBXFileReference; fileEncoding = 4; lastKnownFileType = sourcecode.c.h; path = cicuta_log.h; sourceTree = "<group>"; };
		23C7053B25DB2F220078DC37 /* fake_element_spray.c */ = {isa = PBXFileReference; fileEncoding = 4; lastKnownFileType = sourcecode.c.c; path = fake_element_spray.c; sourceTree = "<group>"; };
		23C7053C25DB2F220078DC37 /* descriptors_utils.c */ = {isa = PBXFileReference; fileEncoding = 4; lastKnownFileType = sourcecode.c.c; path = descriptors_utils.c; sourceTree = "<group>"; };
		23C7053D25DB2F220078DC37 /* README.md */ = {isa = PBXFileReference; fileEncoding = 4; lastKnownFileType = net.daringfireball.markdown; path = README.md; sourceTree = "<group>"; };
		23C7053E25DB2F220078DC37 /* LICENSE */ = {isa = PBXFileReference; fileEncoding = 4; lastKnownFileType = text; path = LICENSE; sourceTree = "<group>"; };
		23C7054D25DB2F790078DC37 /* jailbreak.mm */ = {isa = PBXFileReference; lastKnownFileType = sourcecode.cpp.objcpp; path = jailbreak.mm; sourceTree = "<group>"; };
		23C7055225DB2F820078DC37 /* jailbreak.h */ = {isa = PBXFileReference; lastKnownFileType = sourcecode.c.h; path = jailbreak.h; sourceTree = "<group>"; };
		23F435B8263C978E00CC3FFC /* pac.h */ = {isa = PBXFileReference; lastKnownFileType = sourcecode.c.h; path = pac.h; sourceTree = "<group>"; };
		8112CA2325F6C681001A3D83 /* manticore.entitlements */ = {isa = PBXFileReference; lastKnownFileType = text.plist.entitlements; path = manticore.entitlements; sourceTree = "<group>"; };
		8112CA2525F6C8B8001A3D83 /* Kernel.framework */ = {isa = PBXFileReference; lastKnownFileType = wrapper.framework; name = Kernel.framework; path = ../../../../System/Library/Frameworks/Kernel.framework; sourceTree = "<group>"; };
		8419843825F4868B001DA7FE /* sys_vers.h */ = {isa = PBXFileReference; lastKnownFileType = sourcecode.c.h; path = sys_vers.h; sourceTree = "<group>"; };
		8419843925F486C2001DA7FE /* alloc.h */ = {isa = PBXFileReference; lastKnownFileType = sourcecode.c.h; path = alloc.h; sourceTree = "<group>"; };
		8419843B25F48731001DA7FE /* file.h */ = {isa = PBXFileReference; lastKnownFileType = sourcecode.c.h; path = file.h; sourceTree = "<group>"; };
		8419843C25F48892001DA7FE /* kutils.h */ = {isa = PBXFileReference; lastKnownFileType = sourcecode.c.h; path = kutils.h; sourceTree = "<group>"; };
		847FD25925F5911C007ED933 /* offset_finder.mm */ = {isa = PBXFileReference; lastKnownFileType = sourcecode.cpp.objcpp; path = offset_finder.mm; sourceTree = "<group>"; };
		847FD26625F5982E007ED933 /* offset_finder.h */ = {isa = PBXFileReference; lastKnownFileType = sourcecode.c.h; path = offset_finder.h; sourceTree = "<group>"; };
		848C426725F461DB00842110 /* log.mm */ = {isa = PBXFileReference; lastKnownFileType = sourcecode.cpp.objcpp; path = log.mm; sourceTree = "<group>"; };
		848C426B25F4620400842110 /* log.hpp */ = {isa = PBXFileReference; lastKnownFileType = sourcecode.cpp.h; path = log.hpp; sourceTree = "<group>"; };
		848C427525F4722100842110 /* error.hpp */ = {isa = PBXFileReference; lastKnownFileType = sourcecode.cpp.h; path = error.hpp; sourceTree = "<group>"; };
		848C427725F47DC800842110 /* plistutils.mm */ = {isa = PBXFileReference; lastKnownFileType = sourcecode.cpp.objcpp; path = plistutils.mm; sourceTree = "<group>"; };
		848C427A25F47FF700842110 /* util.mm */ = {isa = PBXFileReference; lastKnownFileType = sourcecode.cpp.objcpp; path = util.mm; sourceTree = "<group>"; };
		848C427D25F4800700842110 /* plistutils.h */ = {isa = PBXFileReference; lastKnownFileType = sourcecode.c.h; path = plistutils.h; sourceTree = "<group>"; };
		848C427E25F4801100842110 /* util.h */ = {isa = PBXFileReference; lastKnownFileType = sourcecode.c.h; path = util.h; sourceTree = "<group>"; };
/* End PBXFileReference section */

/* Begin PBXFrameworksBuildPhase section */
		23C704EE25DB2EE80078DC37 /* Frameworks */ = {
			isa = PBXFrameworksBuildPhase;
			buildActionMask = 2147483647;
			files = (
				23B644ED26526CD700531BCC /* SystemConfiguration.framework in Frameworks */,
				2302161725DE97E7003E7C5C /* IOKit.framework in Frameworks */,
			);
			runOnlyForDeploymentPostprocessing = 0;
		};
/* End PBXFrameworksBuildPhase section */

/* Begin PBXGroup section */
		230215FF25DE93AD003E7C5C /* snappy */ = {
			isa = PBXGroup;
			children = (
				2302160225DE93B5003E7C5C /* libsnappy.c */,
			);
			path = snappy;
			sourceTree = "<group>";
		};
		2302162025DEA2C8003E7C5C /* sys */ = {
			isa = PBXGroup;
			children = (
				2302162125DEA2D2003E7C5C /* kern_control.h */,
				2302162225DEA2D2003E7C5C /* proc_info.h */,
			);
			path = sys;
			sourceTree = "<group>";
		};
		2302162925DEA358003E7C5C /* net */ = {
			isa = PBXGroup;
			children = (
				2302162725DEA352003E7C5C /* route.h */,
			);
			path = net;
			sourceTree = "<group>";
		};
		231D23F325DD2CE8003C09FB /* Frameworks */ = {
			isa = PBXGroup;
			children = (
				23B644EC26526CD700531BCC /* SystemConfiguration.framework */,
				23B644E72652681B00531BCC /* Security.framework */,
				8112CA2525F6C8B8001A3D83 /* Kernel.framework */,
				2302160625DE93D6003E7C5C /* IOKit.framework */,
				2302160C25DE965B003E7C5C /* IOKit.framework */,
			);
			name = Frameworks;
			sourceTree = "<group>";
		};
		231D241225DD35A4003C09FB /* lib */ = {
			isa = PBXGroup;
			children = (
				23652AFB25E7ABCF004D7F7E /* pattern_f */,
				230215FF25DE93AD003E7C5C /* snappy */,
			);
			path = lib;
			sourceTree = "<group>";
		};
		23652AFB25E7ABCF004D7F7E /* pattern_f */ = {
			isa = PBXGroup;
			children = (
				23652AFC25E7ABE3004D7F7E /* iosurface.c */,
				23652B0C25E7AD96004D7F7E /* kapi_mem.c */,
				23652B1D25E7B04F004D7F7E /* user_kernel_alloc.c */,
				23652B0825E7ACEB004D7F7E /* sys_darwin.c */,
				23652B1125E7ADA9004D7F7E /* k_offsets.c */,
				23652B1225E7ADA9004D7F7E /* k_utils.c */,
				23652B0125E7AC37004D7F7E /* utils.c */,
			);
			path = pattern_f;
			sourceTree = "<group>";
		};
		23C704E825DB2EE80078DC37 = {
			isa = PBXGroup;
			children = (
				23C704F325DB2EE80078DC37 /* manticore */,
				23C704F225DB2EE80078DC37 /* Products */,
				231D23F325DD2CE8003C09FB /* Frameworks */,
			);
			sourceTree = "<group>";
		};
		23C704F225DB2EE80078DC37 /* Products */ = {
			isa = PBXGroup;
			children = (
				23C704F125DB2EE80078DC37 /* manticore.app */,
			);
			name = Products;
			sourceTree = "<group>";
		};
		23C704F325DB2EE80078DC37 /* manticore */ = {
			isa = PBXGroup;
			children = (
				8112CA2325F6C681001A3D83 /* manticore.entitlements */,
				848C424425F458F000842110 /* include */,
				231D241225DD35A4003C09FB /* lib */,
				848C426525F4613500842110 /* util */,
				23C7055625DB2FD60078DC37 /* offset_finder */,
				23C7053025DB2F130078DC37 /* jailbreak */,
				23C7052F25DB2F0D0078DC37 /* exploit */,
				23C704F425DB2EE80078DC37 /* AppDelegate.h */,
				23C704F525DB2EE80078DC37 /* AppDelegate.m */,
				23C704FA25DB2EE80078DC37 /* ViewController.h */,
				23C704FB25DB2EE80078DC37 /* ViewController.m */,
				23C704FD25DB2EE80078DC37 /* Main.storyboard */,
				23C7050325DB2EE90078DC37 /* Assets.xcassets */,
				23C7050525DB2EE90078DC37 /* LaunchScreen.storyboard */,
				23C7050825DB2EE90078DC37 /* Info.plist */,
				23C7050925DB2EE90078DC37 /* main.m */,
				23C7050025DB2EE80078DC37 /* reton.xcdatamodeld */,
			);
			path = manticore;
			sourceTree = "<group>";
		};
		23C7052F25DB2F0D0078DC37 /* exploit */ = {
			isa = PBXGroup;
			children = (
				848C424B25F4593B00842110 /* cicuta */,
			);
			path = exploit;
			sourceTree = "<group>";
		};
		23C7053025DB2F130078DC37 /* jailbreak */ = {
			isa = PBXGroup;
			children = (
				23C7054D25DB2F790078DC37 /* jailbreak.mm */,
				230215F525DE8AF3003E7C5C /* amfid.c */,
				230215FA25DE8E8F003E7C5C /* rootfs.mm */,
				2302161A25DEA254003E7C5C /* utils.mm */,
				2302162D25DEA566003E7C5C /* kernel_utils.mm */,
			);
			path = jailbreak;
			sourceTree = "<group>";
		};
		23C7055625DB2FD60078DC37 /* offset_finder */ = {
			isa = PBXGroup;
			children = (
				847FD25925F5911C007ED933 /* offset_finder.mm */,
			);
			path = offset_finder;
			sourceTree = "<group>";
		};
		8419843E25F48984001DA7FE /* offset_finder */ = {
			isa = PBXGroup;
			children = (
				847FD26625F5982E007ED933 /* offset_finder.h */,
			);
			path = offset_finder;
			sourceTree = "<group>";
		};
		848C424425F458F000842110 /* include */ = {
			isa = PBXGroup;
			children = (
				8419843E25F48984001DA7FE /* offset_finder */,
				848C426A25F461FC00842110 /* util */,
				848C426425F4600D00842110 /* manticore */,
				848C425E25F45D0400842110 /* IOKitUser */,
				848C425825F45BE000842110 /* xnu */,
				848C425025F459CC00842110 /* lib */,
				848C424D25F4594300842110 /* exploit */,
			);
			path = include;
			sourceTree = "<group>";
		};
		848C424B25F4593B00842110 /* cicuta */ = {
			isa = PBXGroup;
			children = (
				23C7053225DB2F210078DC37 /* cicuta_log.c */,
				23C7053325DB2F210078DC37 /* cicuta_virosa.c */,
				23C7053C25DB2F220078DC37 /* descriptors_utils.c */,
				23C7053525DB2F210078DC37 /* exploit_utilities.c */,
				23C7053B25DB2F220078DC37 /* fake_element_spray.c */,
				23C7053E25DB2F220078DC37 /* LICENSE */,
				23C7053D25DB2F220078DC37 /* README.md */,
				23C7053925DB2F210078DC37 /* voucher_utils.c */,
				23652B1925E7AFEA004D7F7E /* exploit_main.c */,
			);
			path = cicuta;
			sourceTree = "<group>";
		};
		848C424D25F4594300842110 /* exploit */ = {
			isa = PBXGroup;
			children = (
				848C424E25F4595000842110 /* cicuta */,
			);
			path = exploit;
			sourceTree = "<group>";
		};
		848C424E25F4595000842110 /* cicuta */ = {
			isa = PBXGroup;
			children = (
				23C7053A25DB2F220078DC37 /* cicuta_log.h */,
				23C7053125DB2F210078DC37 /* cicuta_virosa.h */,
				23C7053625DB2F210078DC37 /* descriptors_utils.h */,
				23C7053425DB2F210078DC37 /* exploit_utilities.h */,
				23C7053725DB2F210078DC37 /* fake_element_spray.h */,
				23C7053825DB2F210078DC37 /* voucher_utils.h */,
				23652B1825E7AFEA004D7F7E /* exploit_main.h */,
			);
			path = cicuta;
			sourceTree = "<group>";
		};
		848C425025F459CC00842110 /* lib */ = {
			isa = PBXGroup;
			children = (
				848C426225F45FA000842110 /* snappy */,
				848C425125F459EB00842110 /* tq */,
			);
			path = lib;
			sourceTree = "<group>";
		};
		848C425125F459EB00842110 /* tq */ = {
			isa = PBXGroup;
			children = (
				23652B0F25E7ADA0004D7F7E /* kapi.h */,
				23652B2225E7B39B004D7F7E /* iosurface.h */,
				23652AFF25E7AC30004D7F7E /* tq_common_p.h */,
				23652B1C25E7B04F004D7F7E /* user_kernel_alloc.h */,
				23652B1325E7ADA9004D7F7E /* k_offsets.h */,
				23652B1025E7ADA9004D7F7E /* k_utils.h */,
				23652B0425E7AC3B004D7F7E /* utils.h */,
			);
			path = tq;
			sourceTree = "<group>";
		};
		848C425825F45BE000842110 /* xnu */ = {
			isa = PBXGroup;
			children = (
				23467B3525F916220083FCAE /* mach_vm.h */,
				848C425F25F45D7400842110 /* iokit */,
				848C425C25F45C7700842110 /* bsd */,
				848C425925F45C6000842110 /* libsyscall */,
				23B644EE2652700300531BCC /* cs_common.h */,
			);
			path = xnu;
			sourceTree = "<group>";
		};
		848C425925F45C6000842110 /* libsyscall */ = {
			isa = PBXGroup;
			children = (
				848C425A25F45C6700842110 /* wrappers */,
			);
			path = libsyscall;
			sourceTree = "<group>";
		};
		848C425A25F45C6700842110 /* wrappers */ = {
			isa = PBXGroup;
			children = (
				848C425B25F45C6E00842110 /* libproc */,
			);
			path = wrappers;
			sourceTree = "<group>";
		};
		848C425B25F45C6E00842110 /* libproc */ = {
			isa = PBXGroup;
			children = (
				2302162A25DEA365003E7C5C /* libproc.h */,
			);
			path = libproc;
			sourceTree = "<group>";
		};
		848C425C25F45C7700842110 /* bsd */ = {
			isa = PBXGroup;
			children = (
				2302162925DEA358003E7C5C /* net */,
				2302162025DEA2C8003E7C5C /* sys */,
			);
			path = bsd;
			sourceTree = "<group>";
		};
		848C425E25F45D0400842110 /* IOKitUser */ = {
			isa = PBXGroup;
			children = (
				2302161325DE9791003E7C5C /* IOKitLib.h */,
			);
			path = IOKitUser;
			sourceTree = "<group>";
		};
		848C425F25F45D7400842110 /* iokit */ = {
			isa = PBXGroup;
			children = (
				848C426025F45D7A00842110 /* IOKit */,
			);
			path = iokit;
			sourceTree = "<group>";
		};
		848C426025F45D7A00842110 /* IOKit */ = {
			isa = PBXGroup;
			children = (
				2302161125DE9791003E7C5C /* IOReturn.h */,
				2302161225DE9791003E7C5C /* IOTypes.h */,
				23BC8E6925E3BFE1006C6445 /* IOKitKeys.h */,
				23BC8E6B25E3C00A006C6445 /* OSMessageNotification.h */,
			);
			path = IOKit;
			sourceTree = "<group>";
		};
		848C426225F45FA000842110 /* snappy */ = {
			isa = PBXGroup;
			children = (
				2302161525DE97B8003E7C5C /* IOKit.h */,
				2302160125DE93B5003E7C5C /* snappy.h */,
			);
			path = snappy;
			sourceTree = "<group>";
		};
		848C426425F4600D00842110 /* manticore */ = {
			isa = PBXGroup;
			children = (
				23C7055225DB2F820078DC37 /* jailbreak.h */,
				230215F825DE8B02003E7C5C /* amfid.h */,
				230215FD25DE8E97003E7C5C /* rootfs.h */,
				2302161D25DEA25E003E7C5C /* utils.h */,
				2302163025DEA571003E7C5C /* kernel_utils.h */,
				23F435B8263C978E00CC3FFC /* pac.h */,
			);
			path = manticore;
			sourceTree = "<group>";
		};
		848C426525F4613500842110 /* util */ = {
			isa = PBXGroup;
			children = (
				848C426725F461DB00842110 /* log.mm */,
				848C427725F47DC800842110 /* plistutils.mm */,
				848C427A25F47FF700842110 /* util.mm */,
			);
			path = util;
			sourceTree = "<group>";
		};
		848C426A25F461FC00842110 /* util */ = {
			isa = PBXGroup;
			children = (
				848C426B25F4620400842110 /* log.hpp */,
				848C427525F4722100842110 /* error.hpp */,
				848C427D25F4800700842110 /* plistutils.h */,
				848C427E25F4801100842110 /* util.h */,
				8419843825F4868B001DA7FE /* sys_vers.h */,
				8419843925F486C2001DA7FE /* alloc.h */,
				8419843B25F48731001DA7FE /* file.h */,
				8419843C25F48892001DA7FE /* kutils.h */,
			);
			path = util;
			sourceTree = "<group>";
		};
/* End PBXGroup section */

/* Begin PBXNativeTarget section */
		23C704F025DB2EE80078DC37 /* manticore */ = {
			isa = PBXNativeTarget;
			buildConfigurationList = 23C7052325DB2EE90078DC37 /* Build configuration list for PBXNativeTarget "manticore" */;
			buildPhases = (
				23C704ED25DB2EE80078DC37 /* Sources */,
				23C704EE25DB2EE80078DC37 /* Frameworks */,
				23C704EF25DB2EE80078DC37 /* Resources */,
			);
			buildRules = (
			);
			dependencies = (
			);
			name = manticore;
			productName = reton;
			productReference = 23C704F125DB2EE80078DC37 /* manticore.app */;
			productType = "com.apple.product-type.application";
		};
/* End PBXNativeTarget section */

/* Begin PBXProject section */
		23C704E925DB2EE80078DC37 /* Project object */ = {
			isa = PBXProject;
			attributes = {
				LastUpgradeCheck = 1230;
				TargetAttributes = {
					23C704F025DB2EE80078DC37 = {
						CreatedOnToolsVersion = 12.3;
					};
				};
			};
			buildConfigurationList = 23C704EC25DB2EE80078DC37 /* Build configuration list for PBXProject "manticore" */;
			compatibilityVersion = "Xcode 9.3";
			developmentRegion = en;
			hasScannedForEncodings = 0;
			knownRegions = (
				en,
				Base,
			);
			mainGroup = 23C704E825DB2EE80078DC37;
			productRefGroup = 23C704F225DB2EE80078DC37 /* Products */;
			projectDirPath = "";
			projectRoot = "";
			targets = (
				23C704F025DB2EE80078DC37 /* manticore */,
			);
		};
/* End PBXProject section */

/* Begin PBXResourcesBuildPhase section */
		23C704EF25DB2EE80078DC37 /* Resources */ = {
			isa = PBXResourcesBuildPhase;
			buildActionMask = 2147483647;
			files = (
				23C7050725DB2EE90078DC37 /* LaunchScreen.storyboard in Resources */,
				23C7050425DB2EE90078DC37 /* Assets.xcassets in Resources */,
				23C7054525DB2F220078DC37 /* README.md in Resources */,
				23C704FF25DB2EE80078DC37 /* Main.storyboard in Resources */,
				23C7054625DB2F220078DC37 /* LICENSE in Resources */,
			);
			runOnlyForDeploymentPostprocessing = 0;
		};
/* End PBXResourcesBuildPhase section */

/* Begin PBXSourcesBuildPhase section */
		23C704ED25DB2EE80078DC37 /* Sources */ = {
			isa = PBXSourcesBuildPhase;
			buildActionMask = 2147483647;
			files = (
				23C7054425DB2F220078DC37 /* descriptors_utils.c in Sources */,
				23C7054225DB2F220078DC37 /* voucher_utils.c in Sources */,
				23C7054E25DB2F790078DC37 /* jailbreak.mm in Sources */,
				23652AFD25E7ABE4004D7F7E /* iosurface.c in Sources */,
				847FD25A25F5911C007ED933 /* offset_finder.mm in Sources */,
				23C7054325DB2F220078DC37 /* fake_element_spray.c in Sources */,
				23C7050A25DB2EE90078DC37 /* main.m in Sources */,
				23C704FC25DB2EE80078DC37 /* ViewController.m in Sources */,
				23C704F625DB2EE80078DC37 /* AppDelegate.m in Sources */,
				23C7050225DB2EE80078DC37 /* reton.xcdatamodeld in Sources */,
				23652B1A25E7AFEA004D7F7E /* exploit_main.c in Sources */,
				23652B1425E7ADA9004D7F7E /* k_offsets.c in Sources */,
				23C7054125DB2F220078DC37 /* exploit_utilities.c in Sources */,
				23652B1525E7ADA9004D7F7E /* k_utils.c in Sources */,
				2302161B25DEA254003E7C5C /* utils.mm in Sources */,
				23C7054025DB2F220078DC37 /* cicuta_virosa.c in Sources */,
				848C427825F47DC800842110 /* plistutils.mm in Sources */,
				848C426825F461DB00842110 /* log.mm in Sources */,
				230215FB25DE8E8F003E7C5C /* rootfs.mm in Sources */,
				23652B0925E7ACEB004D7F7E /* sys_darwin.c in Sources */,
				23652B0225E7AC37004D7F7E /* utils.c in Sources */,
				23652B0D25E7AD96004D7F7E /* kapi_mem.c in Sources */,
				2302162E25DEA566003E7C5C /* kernel_utils.mm in Sources */,
				23C7053F25DB2F220078DC37 /* cicuta_log.c in Sources */,
				848C427B25F47FF700842110 /* util.mm in Sources */,
				23652B1E25E7B04F004D7F7E /* user_kernel_alloc.c in Sources */,
				2302160425DE93B5003E7C5C /* libsnappy.c in Sources */,
				230215F625DE8AF3003E7C5C /* amfid.c in Sources */,
			);
			runOnlyForDeploymentPostprocessing = 0;
		};
/* End PBXSourcesBuildPhase section */

/* Begin PBXVariantGroup section */
		23C704FD25DB2EE80078DC37 /* Main.storyboard */ = {
			isa = PBXVariantGroup;
			children = (
				23C704FE25DB2EE80078DC37 /* Base */,
			);
			name = Main.storyboard;
			sourceTree = "<group>";
		};
		23C7050525DB2EE90078DC37 /* LaunchScreen.storyboard */ = {
			isa = PBXVariantGroup;
			children = (
				23C7050625DB2EE90078DC37 /* Base */,
			);
			name = LaunchScreen.storyboard;
			sourceTree = "<group>";
		};
/* End PBXVariantGroup section */

/* Begin XCBuildConfiguration section */
		23C7052125DB2EE90078DC37 /* Debug */ = {
			isa = XCBuildConfiguration;
			buildSettings = {
				ALWAYS_SEARCH_USER_PATHS = NO;
				CLANG_ANALYZER_NONNULL = YES;
				CLANG_ANALYZER_NUMBER_OBJECT_CONVERSION = YES_AGGRESSIVE;
				CLANG_CXX_LANGUAGE_STANDARD = "gnu++14";
				CLANG_CXX_LIBRARY = "libc++";
				CLANG_ENABLE_MODULES = YES;
				CLANG_ENABLE_OBJC_ARC = YES;
				CLANG_ENABLE_OBJC_WEAK = YES;
				CLANG_WARN_BLOCK_CAPTURE_AUTORELEASING = YES;
				CLANG_WARN_BOOL_CONVERSION = YES;
				CLANG_WARN_COMMA = YES;
				CLANG_WARN_CONSTANT_CONVERSION = YES;
				CLANG_WARN_DEPRECATED_OBJC_IMPLEMENTATIONS = YES;
				CLANG_WARN_DIRECT_OBJC_ISA_USAGE = YES_ERROR;
				CLANG_WARN_DOCUMENTATION_COMMENTS = YES;
				CLANG_WARN_EMPTY_BODY = YES;
				CLANG_WARN_ENUM_CONVERSION = YES;
				CLANG_WARN_INFINITE_RECURSION = YES;
				CLANG_WARN_INT_CONVERSION = YES;
				CLANG_WARN_NON_LITERAL_NULL_CONVERSION = YES;
				CLANG_WARN_OBJC_IMPLICIT_RETAIN_SELF = YES;
				CLANG_WARN_OBJC_LITERAL_CONVERSION = YES;
				CLANG_WARN_OBJC_ROOT_CLASS = YES_ERROR;
				CLANG_WARN_QUOTED_INCLUDE_IN_FRAMEWORK_HEADER = YES;
				CLANG_WARN_RANGE_LOOP_ANALYSIS = YES;
				CLANG_WARN_STRICT_PROTOTYPES = YES;
				CLANG_WARN_SUSPICIOUS_MOVE = YES;
				CLANG_WARN_UNGUARDED_AVAILABILITY = YES_AGGRESSIVE;
				CLANG_WARN_UNREACHABLE_CODE = YES;
				CLANG_WARN__DUPLICATE_METHOD_MATCH = YES;
				COPY_PHASE_STRIP = NO;
				DEBUG_INFORMATION_FORMAT = dwarf;
				ENABLE_STRICT_OBJC_MSGSEND = YES;
				ENABLE_TESTABILITY = YES;
				GCC_C_LANGUAGE_STANDARD = gnu11;
				GCC_DYNAMIC_NO_PIC = NO;
				GCC_NO_COMMON_BLOCKS = YES;
				GCC_OPTIMIZATION_LEVEL = 0;
				GCC_PREPROCESSOR_DEFINITIONS = (
					"DEBUG=1",
					"$(inherited)",
				);
				GCC_WARN_64_TO_32_BIT_CONVERSION = YES;
				GCC_WARN_ABOUT_RETURN_TYPE = YES_ERROR;
				GCC_WARN_UNDECLARED_SELECTOR = YES;
				GCC_WARN_UNINITIALIZED_AUTOS = YES_AGGRESSIVE;
				GCC_WARN_UNUSED_FUNCTION = YES;
				GCC_WARN_UNUSED_VARIABLE = YES;
				IPHONEOS_DEPLOYMENT_TARGET = 14.3;
				MTL_ENABLE_DEBUG_INFO = INCLUDE_SOURCE;
				MTL_FAST_MATH = YES;
				ONLY_ACTIVE_ARCH = YES;
				SDKROOT = iphoneos;
			};
			name = Debug;
		};
		23C7052225DB2EE90078DC37 /* Release */ = {
			isa = XCBuildConfiguration;
			buildSettings = {
				ALWAYS_SEARCH_USER_PATHS = NO;
				CLANG_ANALYZER_NONNULL = YES;
				CLANG_ANALYZER_NUMBER_OBJECT_CONVERSION = YES_AGGRESSIVE;
				CLANG_CXX_LANGUAGE_STANDARD = "gnu++14";
				CLANG_CXX_LIBRARY = "libc++";
				CLANG_ENABLE_MODULES = YES;
				CLANG_ENABLE_OBJC_ARC = YES;
				CLANG_ENABLE_OBJC_WEAK = YES;
				CLANG_WARN_BLOCK_CAPTURE_AUTORELEASING = YES;
				CLANG_WARN_BOOL_CONVERSION = YES;
				CLANG_WARN_COMMA = YES;
				CLANG_WARN_CONSTANT_CONVERSION = YES;
				CLANG_WARN_DEPRECATED_OBJC_IMPLEMENTATIONS = YES;
				CLANG_WARN_DIRECT_OBJC_ISA_USAGE = YES_ERROR;
				CLANG_WARN_DOCUMENTATION_COMMENTS = YES;
				CLANG_WARN_EMPTY_BODY = YES;
				CLANG_WARN_ENUM_CONVERSION = YES;
				CLANG_WARN_INFINITE_RECURSION = YES;
				CLANG_WARN_INT_CONVERSION = YES;
				CLANG_WARN_NON_LITERAL_NULL_CONVERSION = YES;
				CLANG_WARN_OBJC_IMPLICIT_RETAIN_SELF = YES;
				CLANG_WARN_OBJC_LITERAL_CONVERSION = YES;
				CLANG_WARN_OBJC_ROOT_CLASS = YES_ERROR;
				CLANG_WARN_QUOTED_INCLUDE_IN_FRAMEWORK_HEADER = YES;
				CLANG_WARN_RANGE_LOOP_ANALYSIS = YES;
				CLANG_WARN_STRICT_PROTOTYPES = YES;
				CLANG_WARN_SUSPICIOUS_MOVE = YES;
				CLANG_WARN_UNGUARDED_AVAILABILITY = YES_AGGRESSIVE;
				CLANG_WARN_UNREACHABLE_CODE = YES;
				CLANG_WARN__DUPLICATE_METHOD_MATCH = YES;
				COPY_PHASE_STRIP = NO;
				DEBUG_INFORMATION_FORMAT = "dwarf-with-dsym";
				ENABLE_NS_ASSERTIONS = NO;
				ENABLE_STRICT_OBJC_MSGSEND = YES;
				GCC_C_LANGUAGE_STANDARD = gnu11;
				GCC_NO_COMMON_BLOCKS = YES;
				GCC_WARN_64_TO_32_BIT_CONVERSION = YES;
				GCC_WARN_ABOUT_RETURN_TYPE = YES_ERROR;
				GCC_WARN_UNDECLARED_SELECTOR = YES;
				GCC_WARN_UNINITIALIZED_AUTOS = YES_AGGRESSIVE;
				GCC_WARN_UNUSED_FUNCTION = YES;
				GCC_WARN_UNUSED_VARIABLE = YES;
				IPHONEOS_DEPLOYMENT_TARGET = 14.3;
				MTL_ENABLE_DEBUG_INFO = NO;
				MTL_FAST_MATH = YES;
				SDKROOT = iphoneos;
				VALIDATE_PRODUCT = YES;
			};
			name = Release;
		};
		23C7052425DB2EE90078DC37 /* Debug */ = {
			isa = XCBuildConfiguration;
			buildSettings = {
				ALWAYS_SEARCH_USER_PATHS = YES;
				ARCHS = (
					arm64e,
					arm64,
				);
				ASSETCATALOG_COMPILER_APPICON_NAME = AppIcon;
				ASSETCATALOG_COMPILER_GLOBAL_ACCENT_COLOR_NAME = AccentColor;
				CODE_SIGN_ENTITLEMENTS = manticore/manticore.entitlements;
				CODE_SIGN_STYLE = Automatic;
				CURRENT_PROJECT_VERSION = 0.0.1;
				DEVELOPMENT_TEAM = 423J45LL22;
				ENABLE_BITCODE = NO;
				HEADER_SEARCH_PATHS = (
					"$(SRCROOT)/manticore/include",
					"$(SRCROOT)/manticore",
				);
				INFOPLIST_FILE = manticore/Info.plist;
				IPHONEOS_DEPLOYMENT_TARGET = 14.3;
				LD_RUNPATH_SEARCH_PATHS = (
					"$(inherited)",
					"@executable_path/Frameworks",
				);
				LIBRARY_SEARCH_PATHS = (
					"$(inherited)",
					"$(PROJECT_DIR)/manticore/lib",
					"$(SRCROOT)/manticore/lib/jelbrekLib",
					"$(PROJECT_DIR)",
				);
				MARKETING_VERSION = 0.1;
				OTHER_LDFLAGS = "";
				PRODUCT_BUNDLE_IDENTIFIER = com.geosn0w.manticore;
				PRODUCT_NAME = "$(TARGET_NAME)";
				TARGETED_DEVICE_FAMILY = "1,2";
				WARNING_CFLAGS = "-Wunused";
			};
			name = Debug;
		};
		23C7052525DB2EE90078DC37 /* Release */ = {
			isa = XCBuildConfiguration;
			buildSettings = {
				ALWAYS_SEARCH_USER_PATHS = YES;
				ARCHS = (
					arm64e,
					arm64,
				);
				ASSETCATALOG_COMPILER_APPICON_NAME = AppIcon;
				ASSETCATALOG_COMPILER_GLOBAL_ACCENT_COLOR_NAME = AccentColor;
				CODE_SIGN_ENTITLEMENTS = manticore/manticore.entitlements;
				CODE_SIGN_STYLE = Automatic;
				CURRENT_PROJECT_VERSION = 0.0.1;
				DEVELOPMENT_TEAM = 423J45LL22;
				ENABLE_BITCODE = NO;
				HEADER_SEARCH_PATHS = (
					"$(SRCROOT)/manticore/include",
					"$(SRCROOT)/manticore",
				);
				INFOPLIST_FILE = manticore/Info.plist;
				IPHONEOS_DEPLOYMENT_TARGET = 14.3;
				LD_RUNPATH_SEARCH_PATHS = (
					"$(inherited)",
					"@executable_path/Frameworks",
				);
				LIBRARY_SEARCH_PATHS = (
					"$(inherited)",
					"$(PROJECT_DIR)/manticore/lib",
					"$(SRCROOT)/manticore/lib/jelbrekLib",
					"$(PROJECT_DIR)",
				);
				MARKETING_VERSION = 0.1;
				OTHER_LDFLAGS = "";
				PRODUCT_BUNDLE_IDENTIFIER = com.geosn0w.manticore;
				PRODUCT_NAME = "$(TARGET_NAME)";
				TARGETED_DEVICE_FAMILY = "1,2";
				WARNING_CFLAGS = "-Wunused";
			};
			name = Release;
		};
/* End XCBuildConfiguration section */

/* Begin XCConfigurationList section */
		23C704EC25DB2EE80078DC37 /* Build configuration list for PBXProject "manticore" */ = {
			isa = XCConfigurationList;
			buildConfigurations = (
				23C7052125DB2EE90078DC37 /* Debug */,
				23C7052225DB2EE90078DC37 /* Release */,
			);
			defaultConfigurationIsVisible = 0;
			defaultConfigurationName = Release;
		};
		23C7052325DB2EE90078DC37 /* Build configuration list for PBXNativeTarget "manticore" */ = {
			isa = XCConfigurationList;
			buildConfigurations = (
				23C7052425DB2EE90078DC37 /* Debug */,
				23C7052525DB2EE90078DC37 /* Release */,
			);
			defaultConfigurationIsVisible = 0;
			defaultConfigurationName = Release;
		};
/* End XCConfigurationList section */

/* Begin XCVersionGroup section */
		23C7050025DB2EE80078DC37 /* reton.xcdatamodeld */ = {
			isa = XCVersionGroup;
			children = (
				23C7050125DB2EE80078DC37 /* reton.xcdatamodel */,
			);
			currentVersion = 23C7050125DB2EE80078DC37 /* reton.xcdatamodel */;
			path = reton.xcdatamodeld;
			sourceTree = "<group>";
			versionGroupType = wrapper.xcdatamodel;
		};
/* End XCVersionGroup section */
	};
	rootObject = 23C704E925DB2EE80078DC37 /* Project object */;
}
